{"filter":false,"title":"composer.lock","tooltip":"/composer.lock","ace":{"folds":[],"scrolltop":0,"scrollleft":0,"selection":{"start":{"row":0,"column":0},"end":{"row":0,"column":0},"isBackwards":false},"options":{"guessTabSize":true,"useWrapMode":false,"wrapToView":true},"firstLineState":0},"hash":"5cb1f4fb32871bc1f0c3a0453dc5ba708df3590d","undoManager":{"mark":-1,"position":-1,"stack":[]},"timestamp":1522153725012}